
Microsoft Visual Studio Solution File, Format Version 12.00
# Visual Studio Version 17
VisualStudioVersion = 17.0.32014.148
MinimumVisualStudioVersion = 10.0.40219.1
Project("{FAE04EC0-301F-11D3-BF4B-00C04F79EFBC}") = "String Calculator 2", "String Calculator 2\String Calculator 2.csproj", "{7D7E6D6C-A6FC-44DD-BE02-15E9DB534B52}"
EndProject
Project("{FAE04EC0-301F-11D3-BF4B-00C04F79EFBC}") = "StringCalculator2Test", "StringCalculatorTest\StringCalculator2Test.csproj", "{FB37C041-4981-4D20-9EAC-BFCD377258F9}"
EndProject
Global
	GlobalSection(SolutionConfigurationPlatforms) = preSolution
		Debug|Any CPU = Debug|Any CPU
		Release|Any CPU = Release|Any CPU
	EndGlobalSection
	GlobalSection(ProjectConfigurationPlatforms) = postSolution
		{7D7E6D6C-A6FC-44DD-BE02-15E9DB534B52}.Debug|Any CPU.ActiveCfg = Debug|Any CPU
		{7D7E6D6C-A6FC-44DD-BE02-15E9DB534B52}.Debug|Any CPU.Build.0 = Debug|Any CPU
		{7D7E6D6C-A6FC-44DD-BE02-15E9DB534B52}.Release|Any CPU.ActiveCfg = Release|Any CPU
		{7D7E6D6C-A6FC-44DD-BE02-15E9DB534B52}.Release|Any CPU.Build.0 = Release|Any CPU
		{FB37C041-4981-4D20-9EAC-BFCD377258F9}.Debug|Any CPU.ActiveCfg = Debug|Any CPU
		{FB37C041-4981-4D20-9EAC-BFCD377258F9}.Debug|Any CPU.Build.0 = Debug|Any CPU
		{FB37C041-4981-4D20-9EAC-BFCD377258F9}.Release|Any CPU.ActiveCfg = Release|Any CPU
		{FB37C041-4981-4D20-9EAC-BFCD377258F9}.Release|Any CPU.Build.0 = Release|Any CPU
	EndGlobalSection
	GlobalSection(SolutionProperties) = preSolution
		HideSolutionNode = FALSE
	EndGlobalSection
	GlobalSection(ExtensibilityGlobals) = postSolution
		SolutionGuid = {69972F23-3372-40D8-BE88-E5AE0CC7E344}
	EndGlobalSection
EndGlobal
